
Microsoft Visual Studio Solution File, Format Version 11.00
# Visual Studio 2010
Project("{FAE04EC0-301F-11D3-BF4B-00C04F79EFBC}") = "Assembly-CSharp", "Assembly-CSharp.csproj", "{75eff762-cd01-0d74-c910-8adf1256131e}"
EndProject
Project("{FAE04EC0-301F-11D3-BF4B-00C04F79EFBC}") = "Assembly-CSharp-Editor", "Assembly-CSharp-Editor.csproj", "{8e118e67-e0ec-c13d-0b13-6efa800a40ad}"
EndProject
Global
	GlobalSection(SolutionConfigurationPlatforms) = preSolution
		Debug|Any CPU = Debug|Any CPU
	EndGlobalSection
	GlobalSection(ProjectConfigurationPlatforms) = postSolution
		{75eff762-cd01-0d74-c910-8adf1256131e}.Debug|Any CPU.ActiveCfg = Debug|Any CPU
		{75eff762-cd01-0d74-c910-8adf1256131e}.Debug|Any CPU.Build.0 = Debug|Any CPU
		{8e118e67-e0ec-c13d-0b13-6efa800a40ad}.Debug|Any CPU.ActiveCfg = Debug|Any CPU
		{8e118e67-e0ec-c13d-0b13-6efa800a40ad}.Debug|Any CPU.Build.0 = Debug|Any CPU
	EndGlobalSection
	GlobalSection(SolutionProperties) = preSolution
		HideSolutionNode = FALSE
	EndGlobalSection
EndGlobal
